
Microsoft Visual Studio Solution File, Format Version 12.00
# Visual Studio Version 17
VisualStudioVersion = 17.9.34728.123
MinimumVisualStudioVersion = 10.0.40219.1
Project("{FAE04EC0-301F-11D3-BF4B-00C04F79EFBC}") = "While Loops", "While Loops\While Loops.csproj", "{21C020BF-117A-44CD-9370-8F2C2F0AB564}"
EndProject
Global
	GlobalSection(SolutionConfigurationPlatforms) = preSolution
		Debug|Any CPU = Debug|Any CPU
		Release|Any CPU = Release|Any CPU
	EndGlobalSection
	GlobalSection(ProjectConfigurationPlatforms) = postSolution
		{21C020BF-117A-44CD-9370-8F2C2F0AB564}.Debug|Any CPU.ActiveCfg = Debug|Any CPU
		{21C020BF-117A-44CD-9370-8F2C2F0AB564}.Debug|Any CPU.Build.0 = Debug|Any CPU
		{21C020BF-117A-44CD-9370-8F2C2F0AB564}.Release|Any CPU.ActiveCfg = Release|Any CPU
		{21C020BF-117A-44CD-9370-8F2C2F0AB564}.Release|Any CPU.Build.0 = Release|Any CPU
	EndGlobalSection
	GlobalSection(SolutionProperties) = preSolution
		HideSolutionNode = FALSE
	EndGlobalSection
	GlobalSection(ExtensibilityGlobals) = postSolution
		SolutionGuid = {AA6A4D2E-EC9A-4A69-A10D-BBE852B3034F}
	EndGlobalSection
EndGlobal
