
Microsoft Visual Studio Solution File, Format Version 12.00
# Visual Studio Version 17
VisualStudioVersion = 17.9.34728.123
MinimumVisualStudioVersion = 10.0.40219.1
Project("{FAE04EC0-301F-11D3-BF4B-00C04F79EFBC}") = "SimpleCalculatorGame", "SimpleCalculatorGame\SimpleCalculatorGame.csproj", "{674FD636-C83F-4C85-A887-2DEAF0131CCA}"
EndProject
Global
	GlobalSection(SolutionConfigurationPlatforms) = preSolution
		Debug|Any CPU = Debug|Any CPU
		Release|Any CPU = Release|Any CPU
	EndGlobalSection
	GlobalSection(ProjectConfigurationPlatforms) = postSolution
		{674FD636-C83F-4C85-A887-2DEAF0131CCA}.Debug|Any CPU.ActiveCfg = Debug|Any CPU
		{674FD636-C83F-4C85-A887-2DEAF0131CCA}.Debug|Any CPU.Build.0 = Debug|Any CPU
		{674FD636-C83F-4C85-A887-2DEAF0131CCA}.Release|Any CPU.ActiveCfg = Release|Any CPU
		{674FD636-C83F-4C85-A887-2DEAF0131CCA}.Release|Any CPU.Build.0 = Release|Any CPU
	EndGlobalSection
	GlobalSection(SolutionProperties) = preSolution
		HideSolutionNode = FALSE
	EndGlobalSection
	GlobalSection(ExtensibilityGlobals) = postSolution
		SolutionGuid = {785BC03B-402A-42E5-B131-641799BBE891}
	EndGlobalSection
EndGlobal
