
Microsoft Visual Studio Solution File, Format Version 12.00
# Visual Studio Version 17
VisualStudioVersion = 17.9.34728.123
MinimumVisualStudioVersion = 10.0.40219.1
Project("{FAE04EC0-301F-11D3-BF4B-00C04F79EFBC}") = "INHERITANCEDEMO", "INHERITANCEDEMO\INHERITANCEDEMO.csproj", "{5D2B5516-5C4C-4B77-B456-D98A8E69AC02}"
EndProject
Global
	GlobalSection(SolutionConfigurationPlatforms) = preSolution
		Debug|Any CPU = Debug|Any CPU
		Release|Any CPU = Release|Any CPU
	EndGlobalSection
	GlobalSection(ProjectConfigurationPlatforms) = postSolution
		{5D2B5516-5C4C-4B77-B456-D98A8E69AC02}.Debug|Any CPU.ActiveCfg = Debug|Any CPU
		{5D2B5516-5C4C-4B77-B456-D98A8E69AC02}.Debug|Any CPU.Build.0 = Debug|Any CPU
		{5D2B5516-5C4C-4B77-B456-D98A8E69AC02}.Release|Any CPU.ActiveCfg = Release|Any CPU
		{5D2B5516-5C4C-4B77-B456-D98A8E69AC02}.Release|Any CPU.Build.0 = Release|Any CPU
	EndGlobalSection
	GlobalSection(SolutionProperties) = preSolution
		HideSolutionNode = FALSE
	EndGlobalSection
	GlobalSection(ExtensibilityGlobals) = postSolution
		SolutionGuid = {148E2F79-FAF4-4F1C-A322-41FD2C834F96}
	EndGlobalSection
EndGlobal
