
Microsoft Visual Studio Solution File, Format Version 12.00
# Visual Studio Version 17
VisualStudioVersion = 17.9.34728.123
MinimumVisualStudioVersion = 10.0.40219.1
Project("{FAE04EC0-301F-11D3-BF4B-00C04F79EFBC}") = "Exponent Method", "Exponent Method\Exponent Method.csproj", "{6B2E37A2-75AB-4BC1-8D84-EAF7A73745C4}"
EndProject
Global
	GlobalSection(SolutionConfigurationPlatforms) = preSolution
		Debug|Any CPU = Debug|Any CPU
		Release|Any CPU = Release|Any CPU
	EndGlobalSection
	GlobalSection(ProjectConfigurationPlatforms) = postSolution
		{6B2E37A2-75AB-4BC1-8D84-EAF7A73745C4}.Debug|Any CPU.ActiveCfg = Debug|Any CPU
		{6B2E37A2-75AB-4BC1-8D84-EAF7A73745C4}.Debug|Any CPU.Build.0 = Debug|Any CPU
		{6B2E37A2-75AB-4BC1-8D84-EAF7A73745C4}.Release|Any CPU.ActiveCfg = Release|Any CPU
		{6B2E37A2-75AB-4BC1-8D84-EAF7A73745C4}.Release|Any CPU.Build.0 = Release|Any CPU
	EndGlobalSection
	GlobalSection(SolutionProperties) = preSolution
		HideSolutionNode = FALSE
	EndGlobalSection
	GlobalSection(ExtensibilityGlobals) = postSolution
		SolutionGuid = {DACD5A4C-91ED-4EB1-9479-C01775771CD2}
	EndGlobalSection
EndGlobal
