
Microsoft Visual Studio Solution File, Format Version 12.00
# Visual Studio Version 17
VisualStudioVersion = 17.9.34728.123
MinimumVisualStudioVersion = 10.0.40219.1
Project("{FAE04EC0-301F-11D3-BF4B-00C04F79EFBC}") = "Objec Methods", "Objec Methods\Objec Methods.csproj", "{239C7B13-9E3C-46A8-ACDB-ECB69A243B79}"
EndProject
Global
	GlobalSection(SolutionConfigurationPlatforms) = preSolution
		Debug|Any CPU = Debug|Any CPU
		Release|Any CPU = Release|Any CPU
	EndGlobalSection
	GlobalSection(ProjectConfigurationPlatforms) = postSolution
		{239C7B13-9E3C-46A8-ACDB-ECB69A243B79}.Debug|Any CPU.ActiveCfg = Debug|Any CPU
		{239C7B13-9E3C-46A8-ACDB-ECB69A243B79}.Debug|Any CPU.Build.0 = Debug|Any CPU
		{239C7B13-9E3C-46A8-ACDB-ECB69A243B79}.Release|Any CPU.ActiveCfg = Release|Any CPU
		{239C7B13-9E3C-46A8-ACDB-ECB69A243B79}.Release|Any CPU.Build.0 = Release|Any CPU
	EndGlobalSection
	GlobalSection(SolutionProperties) = preSolution
		HideSolutionNode = FALSE
	EndGlobalSection
	GlobalSection(ExtensibilityGlobals) = postSolution
		SolutionGuid = {907F1D63-121C-477B-9074-00B171F38B2D}
	EndGlobalSection
EndGlobal
