
Microsoft Visual Studio Solution File, Format Version 12.00
# Visual Studio Version 17
VisualStudioVersion = 17.9.34728.123
MinimumVisualStudioVersion = 10.0.40219.1
Project("{FAE04EC0-301F-11D3-BF4B-00C04F79EFBC}") = "Stars_Printing", "Stars_Printing\Stars_Printing.csproj", "{8BD44D9C-13FE-47EA-851D-7933810A3DE9}"
EndProject
Global
	GlobalSection(SolutionConfigurationPlatforms) = preSolution
		Debug|Any CPU = Debug|Any CPU
		Release|Any CPU = Release|Any CPU
	EndGlobalSection
	GlobalSection(ProjectConfigurationPlatforms) = postSolution
		{8BD44D9C-13FE-47EA-851D-7933810A3DE9}.Debug|Any CPU.ActiveCfg = Debug|Any CPU
		{8BD44D9C-13FE-47EA-851D-7933810A3DE9}.Debug|Any CPU.Build.0 = Debug|Any CPU
		{8BD44D9C-13FE-47EA-851D-7933810A3DE9}.Release|Any CPU.ActiveCfg = Release|Any CPU
		{8BD44D9C-13FE-47EA-851D-7933810A3DE9}.Release|Any CPU.Build.0 = Release|Any CPU
	EndGlobalSection
	GlobalSection(SolutionProperties) = preSolution
		HideSolutionNode = FALSE
	EndGlobalSection
	GlobalSection(ExtensibilityGlobals) = postSolution
		SolutionGuid = {B204EFA5-20EE-4F87-BED1-A4B3666FD28F}
	EndGlobalSection
EndGlobal
