
Microsoft Visual Studio Solution File, Format Version 12.00
# Visual Studio Version 17
VisualStudioVersion = 17.9.34728.123
MinimumVisualStudioVersion = 10.0.40219.1
Project("{FAE04EC0-301F-11D3-BF4B-00C04F79EFBC}") = "2 D Arrays", "2 D Arrays\2 D Arrays.csproj", "{10975D6E-8241-464C-ACC4-914647E19236}"
EndProject
Global
	GlobalSection(SolutionConfigurationPlatforms) = preSolution
		Debug|Any CPU = Debug|Any CPU
		Release|Any CPU = Release|Any CPU
	EndGlobalSection
	GlobalSection(ProjectConfigurationPlatforms) = postSolution
		{10975D6E-8241-464C-ACC4-914647E19236}.Debug|Any CPU.ActiveCfg = Debug|Any CPU
		{10975D6E-8241-464C-ACC4-914647E19236}.Debug|Any CPU.Build.0 = Debug|Any CPU
		{10975D6E-8241-464C-ACC4-914647E19236}.Release|Any CPU.ActiveCfg = Release|Any CPU
		{10975D6E-8241-464C-ACC4-914647E19236}.Release|Any CPU.Build.0 = Release|Any CPU
	EndGlobalSection
	GlobalSection(SolutionProperties) = preSolution
		HideSolutionNode = FALSE
	EndGlobalSection
	GlobalSection(ExtensibilityGlobals) = postSolution
		SolutionGuid = {063CE821-E576-4679-94F9-0A49ECD37DD8}
	EndGlobalSection
EndGlobal
