
Microsoft Visual Studio Solution File, Format Version 12.00
# Visual Studio Version 17
VisualStudioVersion = 17.9.34728.123
MinimumVisualStudioVersion = 10.0.40219.1
Project("{FAE04EC0-301F-11D3-BF4B-00C04F79EFBC}") = "Inheritance", "Inheritance\Inheritance.csproj", "{0A947C85-716D-4076-B83C-E411754E6187}"
EndProject
Global
	GlobalSection(SolutionConfigurationPlatforms) = preSolution
		Debug|Any CPU = Debug|Any CPU
		Release|Any CPU = Release|Any CPU
	EndGlobalSection
	GlobalSection(ProjectConfigurationPlatforms) = postSolution
		{0A947C85-716D-4076-B83C-E411754E6187}.Debug|Any CPU.ActiveCfg = Debug|Any CPU
		{0A947C85-716D-4076-B83C-E411754E6187}.Debug|Any CPU.Build.0 = Debug|Any CPU
		{0A947C85-716D-4076-B83C-E411754E6187}.Release|Any CPU.ActiveCfg = Release|Any CPU
		{0A947C85-716D-4076-B83C-E411754E6187}.Release|Any CPU.Build.0 = Release|Any CPU
	EndGlobalSection
	GlobalSection(SolutionProperties) = preSolution
		HideSolutionNode = FALSE
	EndGlobalSection
	GlobalSection(ExtensibilityGlobals) = postSolution
		SolutionGuid = {2AC62347-C98E-4A68-A9C5-E57CEAF8BD5C}
	EndGlobalSection
EndGlobal
