
Microsoft Visual Studio Solution File, Format Version 12.00
# Visual Studio Version 17
VisualStudioVersion = 17.9.34728.123
MinimumVisualStudioVersion = 10.0.40219.1
Project("{FAE04EC0-301F-11D3-BF4B-00C04F79EFBC}") = "Strings", "Strings\Strings.csproj", "{C6697EEA-0388-4BA4-9838-827BAF00E577}"
EndProject
Global
	GlobalSection(SolutionConfigurationPlatforms) = preSolution
		Debug|Any CPU = Debug|Any CPU
		Release|Any CPU = Release|Any CPU
	EndGlobalSection
	GlobalSection(ProjectConfigurationPlatforms) = postSolution
		{C6697EEA-0388-4BA4-9838-827BAF00E577}.Debug|Any CPU.ActiveCfg = Debug|Any CPU
		{C6697EEA-0388-4BA4-9838-827BAF00E577}.Debug|Any CPU.Build.0 = Debug|Any CPU
		{C6697EEA-0388-4BA4-9838-827BAF00E577}.Release|Any CPU.ActiveCfg = Release|Any CPU
		{C6697EEA-0388-4BA4-9838-827BAF00E577}.Release|Any CPU.Build.0 = Release|Any CPU
	EndGlobalSection
	GlobalSection(SolutionProperties) = preSolution
		HideSolutionNode = FALSE
	EndGlobalSection
	GlobalSection(ExtensibilityGlobals) = postSolution
		SolutionGuid = {A5990DA3-16E1-4E3A-8A10-A6409B34D1D3}
	EndGlobalSection
EndGlobal
