
Microsoft Visual Studio Solution File, Format Version 12.00
# Visual Studio Version 17
VisualStudioVersion = 17.9.34728.123
MinimumVisualStudioVersion = 10.0.40219.1
Project("{FAE04EC0-301F-11D3-BF4B-00C04F79EFBC}") = "Guess Game", "Guess Game\Guess Game.csproj", "{747EFCB4-8690-4A2B-ADA1-A251EDB0AE30}"
EndProject
Global
	GlobalSection(SolutionConfigurationPlatforms) = preSolution
		Debug|Any CPU = Debug|Any CPU
		Release|Any CPU = Release|Any CPU
	EndGlobalSection
	GlobalSection(ProjectConfigurationPlatforms) = postSolution
		{747EFCB4-8690-4A2B-ADA1-A251EDB0AE30}.Debug|Any CPU.ActiveCfg = Debug|Any CPU
		{747EFCB4-8690-4A2B-ADA1-A251EDB0AE30}.Debug|Any CPU.Build.0 = Debug|Any CPU
		{747EFCB4-8690-4A2B-ADA1-A251EDB0AE30}.Release|Any CPU.ActiveCfg = Release|Any CPU
		{747EFCB4-8690-4A2B-ADA1-A251EDB0AE30}.Release|Any CPU.Build.0 = Release|Any CPU
	EndGlobalSection
	GlobalSection(SolutionProperties) = preSolution
		HideSolutionNode = FALSE
	EndGlobalSection
	GlobalSection(ExtensibilityGlobals) = postSolution
		SolutionGuid = {B24BB28E-D0FE-4F38-94AC-5AEDF2096C06}
	EndGlobalSection
EndGlobal
