
Microsoft Visual Studio Solution File, Format Version 12.00
# Visual Studio Version 17
VisualStudioVersion = 17.9.34728.123
MinimumVisualStudioVersion = 10.0.40219.1
Project("{FAE04EC0-301F-11D3-BF4B-00C04F79EFBC}") = "If Statements", "If Statements\If Statements.csproj", "{1C7B3218-AC1D-43E5-880D-D75CB4CAD007}"
EndProject
Global
	GlobalSection(SolutionConfigurationPlatforms) = preSolution
		Debug|Any CPU = Debug|Any CPU
		Release|Any CPU = Release|Any CPU
	EndGlobalSection
	GlobalSection(ProjectConfigurationPlatforms) = postSolution
		{1C7B3218-AC1D-43E5-880D-D75CB4CAD007}.Debug|Any CPU.ActiveCfg = Debug|Any CPU
		{1C7B3218-AC1D-43E5-880D-D75CB4CAD007}.Debug|Any CPU.Build.0 = Debug|Any CPU
		{1C7B3218-AC1D-43E5-880D-D75CB4CAD007}.Release|Any CPU.ActiveCfg = Release|Any CPU
		{1C7B3218-AC1D-43E5-880D-D75CB4CAD007}.Release|Any CPU.Build.0 = Release|Any CPU
	EndGlobalSection
	GlobalSection(SolutionProperties) = preSolution
		HideSolutionNode = FALSE
	EndGlobalSection
	GlobalSection(ExtensibilityGlobals) = postSolution
		SolutionGuid = {3F5CEC86-C612-4A16-8639-C8D5AF4D9863}
	EndGlobalSection
EndGlobal
