
Microsoft Visual Studio Solution File, Format Version 12.00
# Visual Studio Version 17
VisualStudioVersion = 17.9.34728.123
MinimumVisualStudioVersion = 10.0.40219.1
Project("{FAE04EC0-301F-11D3-BF4B-00C04F79EFBC}") = "Static Methods and Classes", "Static Methods and Classes\Static Methods and Classes.csproj", "{5180FD9B-550A-43CE-919F-B4A1EA2E9DAA}"
EndProject
Global
	GlobalSection(SolutionConfigurationPlatforms) = preSolution
		Debug|Any CPU = Debug|Any CPU
		Release|Any CPU = Release|Any CPU
	EndGlobalSection
	GlobalSection(ProjectConfigurationPlatforms) = postSolution
		{5180FD9B-550A-43CE-919F-B4A1EA2E9DAA}.Debug|Any CPU.ActiveCfg = Debug|Any CPU
		{5180FD9B-550A-43CE-919F-B4A1EA2E9DAA}.Debug|Any CPU.Build.0 = Debug|Any CPU
		{5180FD9B-550A-43CE-919F-B4A1EA2E9DAA}.Release|Any CPU.ActiveCfg = Release|Any CPU
		{5180FD9B-550A-43CE-919F-B4A1EA2E9DAA}.Release|Any CPU.Build.0 = Release|Any CPU
	EndGlobalSection
	GlobalSection(SolutionProperties) = preSolution
		HideSolutionNode = FALSE
	EndGlobalSection
	GlobalSection(ExtensibilityGlobals) = postSolution
		SolutionGuid = {26BABD2D-305F-474E-83E4-0736758E19FF}
	EndGlobalSection
EndGlobal
