
Microsoft Visual Studio Solution File, Format Version 12.00
# Visual Studio Version 17
VisualStudioVersion = 17.9.34728.123
MinimumVisualStudioVersion = 10.0.40219.1
Project("{FAE04EC0-301F-11D3-BF4B-00C04F79EFBC}") = "Exception Handling", "Exception Handling\Exception Handling.csproj", "{6830782A-79EE-4509-B6B0-83C8A60E9B69}"
EndProject
Global
	GlobalSection(SolutionConfigurationPlatforms) = preSolution
		Debug|Any CPU = Debug|Any CPU
		Release|Any CPU = Release|Any CPU
	EndGlobalSection
	GlobalSection(ProjectConfigurationPlatforms) = postSolution
		{6830782A-79EE-4509-B6B0-83C8A60E9B69}.Debug|Any CPU.ActiveCfg = Debug|Any CPU
		{6830782A-79EE-4509-B6B0-83C8A60E9B69}.Debug|Any CPU.Build.0 = Debug|Any CPU
		{6830782A-79EE-4509-B6B0-83C8A60E9B69}.Release|Any CPU.ActiveCfg = Release|Any CPU
		{6830782A-79EE-4509-B6B0-83C8A60E9B69}.Release|Any CPU.Build.0 = Release|Any CPU
	EndGlobalSection
	GlobalSection(SolutionProperties) = preSolution
		HideSolutionNode = FALSE
	EndGlobalSection
	GlobalSection(ExtensibilityGlobals) = postSolution
		SolutionGuid = {23570D2D-F3DF-4A5E-A247-698217664C8A}
	EndGlobalSection
EndGlobal
